
Microsoft Visual Studio Solution File, Format Version 12.00
# Visual Studio Version 16
VisualStudioVersion = 16.0.31729.503
MinimumVisualStudioVersion = 10.0.40219.1
Project("{FAE04EC0-301F-11D3-BF4B-00C04F79EFBC}") = "PropertyManagementSystem", "PropertyManagementSystem\PropertyManagementSystem.csproj", "{A298213D-B2CF-4FE9-B70F-48D92BE2AE43}"
EndProject
Global
	GlobalSection(SolutionConfigurationPlatforms) = preSolution
		Debug|Any CPU = Debug|Any CPU
		Release|Any CPU = Release|Any CPU
	EndGlobalSection
	GlobalSection(ProjectConfigurationPlatforms) = postSolution
		{A298213D-B2CF-4FE9-B70F-48D92BE2AE43}.Debug|Any CPU.ActiveCfg = Debug|Any CPU
		{A298213D-B2CF-4FE9-B70F-48D92BE2AE43}.Debug|Any CPU.Build.0 = Debug|Any CPU
		{A298213D-B2CF-4FE9-B70F-48D92BE2AE43}.Release|Any CPU.ActiveCfg = Release|Any CPU
		{A298213D-B2CF-4FE9-B70F-48D92BE2AE43}.Release|Any CPU.Build.0 = Release|Any CPU
	EndGlobalSection
	GlobalSection(SolutionProperties) = preSolution
		HideSolutionNode = FALSE
	EndGlobalSection
	GlobalSection(ExtensibilityGlobals) = postSolution
		SolutionGuid = {8CB7599C-082B-4D6C-ADD2-A09DCA76A967}
	EndGlobalSection
EndGlobal
