
Microsoft Visual Studio Solution File, Format Version 12.00
# Visual Studio Version 17
VisualStudioVersion = 17.0.32112.339
MinimumVisualStudioVersion = 10.0.40219.1
Project("{9A19103F-16F7-4668-BE54-9A1E7A4F7556}") = "PropertyManagementSystem", "PropertyManagementSystem\PropertyManagementSystem.csproj", "{A298213D-B2CF-4FE9-B70F-48D92BE2AE43}"
EndProject
Project("{9A19103F-16F7-4668-BE54-9A1E7A4F7556}") = "PropertyManagementSystem.ProviderLogic", "PropertyManagementSystem.Logic\PropertyManagementSystem.ProviderLogic.csproj", "{AE94B052-8433-4BFF-958C-3C1C8D5B7FF2}"
EndProject
Project("{9A19103F-16F7-4668-BE54-9A1E7A4F7556}") = "PropertyManagementSystem.Data", "PropertyManagementSystem.Data\PropertyManagementSystem.Data.csproj", "{DA855EB6-D929-4371-8CAE-7BE77D2293A5}"
EndProject
Project("{9A19103F-16F7-4668-BE54-9A1E7A4F7556}") = "PropertyManagementSystem.Common", "PropertyManagementSystem.Common\PropertyManagementSystem.Common.csproj", "{2D4AF147-97A8-4FBC-B717-4F0247CC8307}"
EndProject
Project("{9A19103F-16F7-4668-BE54-9A1E7A4F7556}") = "PropertyManagementSystem.Templates", "PropertyManagementSystem.Templates\PropertyManagementSystem.Templates.csproj", "{E6B22099-E35C-4AC8-9952-83CE900A2591}"
EndProject
Global
	GlobalSection(SolutionConfigurationPlatforms) = preSolution
		Debug|Any CPU = Debug|Any CPU
		Release|Any CPU = Release|Any CPU
	EndGlobalSection
	GlobalSection(ProjectConfigurationPlatforms) = postSolution
		{A298213D-B2CF-4FE9-B70F-48D92BE2AE43}.Debug|Any CPU.ActiveCfg = Debug|Any CPU
		{A298213D-B2CF-4FE9-B70F-48D92BE2AE43}.Debug|Any CPU.Build.0 = Debug|Any CPU
		{A298213D-B2CF-4FE9-B70F-48D92BE2AE43}.Release|Any CPU.ActiveCfg = Release|Any CPU
		{A298213D-B2CF-4FE9-B70F-48D92BE2AE43}.Release|Any CPU.Build.0 = Release|Any CPU
		{AE94B052-8433-4BFF-958C-3C1C8D5B7FF2}.Debug|Any CPU.ActiveCfg = Debug|Any CPU
		{AE94B052-8433-4BFF-958C-3C1C8D5B7FF2}.Debug|Any CPU.Build.0 = Debug|Any CPU
		{AE94B052-8433-4BFF-958C-3C1C8D5B7FF2}.Release|Any CPU.ActiveCfg = Release|Any CPU
		{AE94B052-8433-4BFF-958C-3C1C8D5B7FF2}.Release|Any CPU.Build.0 = Release|Any CPU
		{DA855EB6-D929-4371-8CAE-7BE77D2293A5}.Debug|Any CPU.ActiveCfg = Debug|Any CPU
		{DA855EB6-D929-4371-8CAE-7BE77D2293A5}.Debug|Any CPU.Build.0 = Debug|Any CPU
		{DA855EB6-D929-4371-8CAE-7BE77D2293A5}.Release|Any CPU.ActiveCfg = Release|Any CPU
		{DA855EB6-D929-4371-8CAE-7BE77D2293A5}.Release|Any CPU.Build.0 = Release|Any CPU
		{2D4AF147-97A8-4FBC-B717-4F0247CC8307}.Debug|Any CPU.ActiveCfg = Debug|Any CPU
		{2D4AF147-97A8-4FBC-B717-4F0247CC8307}.Debug|Any CPU.Build.0 = Debug|Any CPU
		{2D4AF147-97A8-4FBC-B717-4F0247CC8307}.Release|Any CPU.ActiveCfg = Release|Any CPU
		{2D4AF147-97A8-4FBC-B717-4F0247CC8307}.Release|Any CPU.Build.0 = Release|Any CPU
		{E6B22099-E35C-4AC8-9952-83CE900A2591}.Debug|Any CPU.ActiveCfg = Debug|Any CPU
		{E6B22099-E35C-4AC8-9952-83CE900A2591}.Debug|Any CPU.Build.0 = Debug|Any CPU
		{E6B22099-E35C-4AC8-9952-83CE900A2591}.Release|Any CPU.ActiveCfg = Release|Any CPU
		{E6B22099-E35C-4AC8-9952-83CE900A2591}.Release|Any CPU.Build.0 = Release|Any CPU
	EndGlobalSection
	GlobalSection(SolutionProperties) = preSolution
		HideSolutionNode = FALSE
	EndGlobalSection
	GlobalSection(ExtensibilityGlobals) = postSolution
		SolutionGuid = {8CB7599C-082B-4D6C-ADD2-A09DCA76A967}
	EndGlobalSection
EndGlobal
